
Microsoft Visual Studio Solution File, Format Version 12.00
# Visual Studio Version 16
VisualStudioVersion = 16.0.29613.14
MinimumVisualStudioVersion = 10.0.40219.1
Project("{FAE04EC0-301F-11D3-BF4B-00C04F79EFBC}") = "dotnet-sdk-ASP.NetCore-BlazorApp1", "dotnet-sdk-ASP.NetCore-BlazorApp1\dotnet-sdk-ASP.NetCore-BlazorApp1.csproj", "{F3286DDC-2AD1-4E84-80E5-B170F57D2FB1}"
EndProject
Global
	GlobalSection(SolutionConfigurationPlatforms) = preSolution
		Debug|Any CPU = Debug|Any CPU
		Release|Any CPU = Release|Any CPU
	EndGlobalSection
	GlobalSection(ProjectConfigurationPlatforms) = postSolution
		{F3286DDC-2AD1-4E84-80E5-B170F57D2FB1}.Debug|Any CPU.ActiveCfg = Debug|Any CPU
		{F3286DDC-2AD1-4E84-80E5-B170F57D2FB1}.Debug|Any CPU.Build.0 = Debug|Any CPU
		{F3286DDC-2AD1-4E84-80E5-B170F57D2FB1}.Release|Any CPU.ActiveCfg = Release|Any CPU
		{F3286DDC-2AD1-4E84-80E5-B170F57D2FB1}.Release|Any CPU.Build.0 = Release|Any CPU
	EndGlobalSection
	GlobalSection(SolutionProperties) = preSolution
		HideSolutionNode = FALSE
	EndGlobalSection
	GlobalSection(ExtensibilityGlobals) = postSolution
		SolutionGuid = {D5F8FE77-6A04-4F85-BE15-64EE4936AC03}
	EndGlobalSection
EndGlobal
